
Microsoft Visual Studio Solution File, Format Version 12.00
# Visual Studio Version 16
VisualStudioVersion = 16.0.34301.259
MinimumVisualStudioVersion = 10.0.40219.1
Project("{8BC9CEB8-8B4A-11D0-8D11-00A0C91BC942}") = "ApcInject", "ApcInject\ApcInject.vcxproj", "{C385FC48-C947-4101-B89D-815BC6C1CCEB}"
EndProject
Project("{8BC9CEB8-8B4A-11D0-8D11-00A0C91BC942}") = "ApcDrv", "ApcDrv\ApcDrv.vcxproj", "{9A1841EF-24A5-41D2-8354-33F92E972B1E}"
EndProject
Project("{8BC9CEB8-8B4A-11D0-8D11-00A0C91BC942}") = "inject", "inject\inject.vcxproj", "{E43716AB-46E3-4205-ACD9-09EFDE9F8C8E}"
EndProject
Project("{8BC9CEB8-8B4A-11D0-8D11-00A0C91BC942}") = "lowinject", "lowinject\lowinject.vcxproj", "{74F1D44D-1BB1-488A-B3EE-FAFC82B198D5}"
EndProject
Global
	GlobalSection(SolutionConfigurationPlatforms) = preSolution
		Debug|ARM = Debug|ARM
		Debug|ARM64 = Debug|ARM64
		Debug|x64 = Debug|x64
		Debug|x86 = Debug|x86
		Release|ARM = Release|ARM
		Release|ARM64 = Release|ARM64
		Release|x64 = Release|x64
		Release|x86 = Release|x86
	EndGlobalSection
	GlobalSection(ProjectConfigurationPlatforms) = postSolution
		{C385FC48-C947-4101-B89D-815BC6C1CCEB}.Debug|ARM.ActiveCfg = Debug|Win32
		{C385FC48-C947-4101-B89D-815BC6C1CCEB}.Debug|ARM64.ActiveCfg = Debug|Win32
		{C385FC48-C947-4101-B89D-815BC6C1CCEB}.Debug|x64.ActiveCfg = Debug|x64
		{C385FC48-C947-4101-B89D-815BC6C1CCEB}.Debug|x64.Build.0 = Debug|x64
		{C385FC48-C947-4101-B89D-815BC6C1CCEB}.Debug|x86.ActiveCfg = Debug|Win32
		{C385FC48-C947-4101-B89D-815BC6C1CCEB}.Debug|x86.Build.0 = Debug|Win32
		{C385FC48-C947-4101-B89D-815BC6C1CCEB}.Release|ARM.ActiveCfg = Release|Win32
		{C385FC48-C947-4101-B89D-815BC6C1CCEB}.Release|ARM64.ActiveCfg = Release|Win32
		{C385FC48-C947-4101-B89D-815BC6C1CCEB}.Release|x64.ActiveCfg = Release|x64
		{C385FC48-C947-4101-B89D-815BC6C1CCEB}.Release|x64.Build.0 = Release|x64
		{C385FC48-C947-4101-B89D-815BC6C1CCEB}.Release|x86.ActiveCfg = Release|Win32
		{C385FC48-C947-4101-B89D-815BC6C1CCEB}.Release|x86.Build.0 = Release|Win32
		{9A1841EF-24A5-41D2-8354-33F92E972B1E}.Debug|ARM.ActiveCfg = Debug|ARM
		{9A1841EF-24A5-41D2-8354-33F92E972B1E}.Debug|ARM.Build.0 = Debug|ARM
		{9A1841EF-24A5-41D2-8354-33F92E972B1E}.Debug|ARM.Deploy.0 = Debug|ARM
		{9A1841EF-24A5-41D2-8354-33F92E972B1E}.Debug|ARM64.ActiveCfg = Debug|ARM64
		{9A1841EF-24A5-41D2-8354-33F92E972B1E}.Debug|ARM64.Build.0 = Debug|ARM64
		{9A1841EF-24A5-41D2-8354-33F92E972B1E}.Debug|ARM64.Deploy.0 = Debug|ARM64
		{9A1841EF-24A5-41D2-8354-33F92E972B1E}.Debug|x64.ActiveCfg = Debug|x64
		{9A1841EF-24A5-41D2-8354-33F92E972B1E}.Debug|x64.Build.0 = Debug|x64
		{9A1841EF-24A5-41D2-8354-33F92E972B1E}.Debug|x64.Deploy.0 = Debug|x64
		{9A1841EF-24A5-41D2-8354-33F92E972B1E}.Debug|x86.ActiveCfg = Debug|Win32
		{9A1841EF-24A5-41D2-8354-33F92E972B1E}.Debug|x86.Build.0 = Debug|Win32
		{9A1841EF-24A5-41D2-8354-33F92E972B1E}.Debug|x86.Deploy.0 = Debug|Win32
		{9A1841EF-24A5-41D2-8354-33F92E972B1E}.Release|ARM.ActiveCfg = Release|ARM
		{9A1841EF-24A5-41D2-8354-33F92E972B1E}.Release|ARM.Build.0 = Release|ARM
		{9A1841EF-24A5-41D2-8354-33F92E972B1E}.Release|ARM.Deploy.0 = Release|ARM
		{9A1841EF-24A5-41D2-8354-33F92E972B1E}.Release|ARM64.ActiveCfg = Release|ARM64
		{9A1841EF-24A5-41D2-8354-33F92E972B1E}.Release|ARM64.Build.0 = Release|ARM64
		{9A1841EF-24A5-41D2-8354-33F92E972B1E}.Release|ARM64.Deploy.0 = Release|ARM64
		{9A1841EF-24A5-41D2-8354-33F92E972B1E}.Release|x64.ActiveCfg = Release|x64
		{9A1841EF-24A5-41D2-8354-33F92E972B1E}.Release|x64.Build.0 = Release|x64
		{9A1841EF-24A5-41D2-8354-33F92E972B1E}.Release|x64.Deploy.0 = Release|x64
		{9A1841EF-24A5-41D2-8354-33F92E972B1E}.Release|x86.ActiveCfg = Release|Win32
		{9A1841EF-24A5-41D2-8354-33F92E972B1E}.Release|x86.Build.0 = Release|Win32
		{9A1841EF-24A5-41D2-8354-33F92E972B1E}.Release|x86.Deploy.0 = Release|Win32
		{E43716AB-46E3-4205-ACD9-09EFDE9F8C8E}.Debug|ARM.ActiveCfg = Debug|Win32
		{E43716AB-46E3-4205-ACD9-09EFDE9F8C8E}.Debug|ARM64.ActiveCfg = Debug|Win32
		{E43716AB-46E3-4205-ACD9-09EFDE9F8C8E}.Debug|x64.ActiveCfg = Debug|x64
		{E43716AB-46E3-4205-ACD9-09EFDE9F8C8E}.Debug|x64.Build.0 = Debug|x64
		{E43716AB-46E3-4205-ACD9-09EFDE9F8C8E}.Debug|x86.ActiveCfg = Debug|Win32
		{E43716AB-46E3-4205-ACD9-09EFDE9F8C8E}.Debug|x86.Build.0 = Debug|Win32
		{E43716AB-46E3-4205-ACD9-09EFDE9F8C8E}.Release|ARM.ActiveCfg = Release|Win32
		{E43716AB-46E3-4205-ACD9-09EFDE9F8C8E}.Release|ARM64.ActiveCfg = Release|Win32
		{E43716AB-46E3-4205-ACD9-09EFDE9F8C8E}.Release|x64.ActiveCfg = Release|x64
		{E43716AB-46E3-4205-ACD9-09EFDE9F8C8E}.Release|x64.Build.0 = Release|x64
		{E43716AB-46E3-4205-ACD9-09EFDE9F8C8E}.Release|x86.ActiveCfg = Release|Win32
		{E43716AB-46E3-4205-ACD9-09EFDE9F8C8E}.Release|x86.Build.0 = Release|Win32
		{74F1D44D-1BB1-488A-B3EE-FAFC82B198D5}.Debug|ARM.ActiveCfg = Release|Win32
		{74F1D44D-1BB1-488A-B3EE-FAFC82B198D5}.Debug|ARM.Build.0 = Release|Win32
		{74F1D44D-1BB1-488A-B3EE-FAFC82B198D5}.Debug|ARM64.ActiveCfg = Release|Win32
		{74F1D44D-1BB1-488A-B3EE-FAFC82B198D5}.Debug|ARM64.Build.0 = Release|Win32
		{74F1D44D-1BB1-488A-B3EE-FAFC82B198D5}.Debug|x64.ActiveCfg = Release|x64
		{74F1D44D-1BB1-488A-B3EE-FAFC82B198D5}.Debug|x64.Build.0 = Release|x64
		{74F1D44D-1BB1-488A-B3EE-FAFC82B198D5}.Debug|x86.ActiveCfg = Release|Win32
		{74F1D44D-1BB1-488A-B3EE-FAFC82B198D5}.Debug|x86.Build.0 = Release|Win32
		{74F1D44D-1BB1-488A-B3EE-FAFC82B198D5}.Release|ARM.ActiveCfg = Release|Win32
		{74F1D44D-1BB1-488A-B3EE-FAFC82B198D5}.Release|ARM64.ActiveCfg = Release|Win32
		{74F1D44D-1BB1-488A-B3EE-FAFC82B198D5}.Release|x64.ActiveCfg = Release|x64
		{74F1D44D-1BB1-488A-B3EE-FAFC82B198D5}.Release|x64.Build.0 = Release|x64
		{74F1D44D-1BB1-488A-B3EE-FAFC82B198D5}.Release|x86.ActiveCfg = Release|Win32
		{74F1D44D-1BB1-488A-B3EE-FAFC82B198D5}.Release|x86.Build.0 = Release|Win32
	EndGlobalSection
	GlobalSection(SolutionProperties) = preSolution
		HideSolutionNode = FALSE
	EndGlobalSection
	GlobalSection(ExtensibilityGlobals) = postSolution
		SolutionGuid = {1917694B-D387-4074-9C93-F2639D839622}
	EndGlobalSection
EndGlobal
